
Microsoft Visual Studio Solution File, Format Version 12.00
# Visual Studio Version 16
VisualStudioVersion = 16.0.31702.278
MinimumVisualStudioVersion = 10.0.40219.1
Project("{FAE04EC0-301F-11D3-BF4B-00C04F79EFBC}") = "LearnDapper", "LearnDapper\LearnDapper.csproj", "{DD52311B-D8F9-43F1-A3D9-FA8950FD1A9A}"
EndProject
Global
	GlobalSection(SolutionConfigurationPlatforms) = preSolution
		Debug|Any CPU = Debug|Any CPU
		Release|Any CPU = Release|Any CPU
	EndGlobalSection
	GlobalSection(ProjectConfigurationPlatforms) = postSolution
		{DD52311B-D8F9-43F1-A3D9-FA8950FD1A9A}.Debug|Any CPU.ActiveCfg = Debug|Any CPU
		{DD52311B-D8F9-43F1-A3D9-FA8950FD1A9A}.Debug|Any CPU.Build.0 = Debug|Any CPU
		{DD52311B-D8F9-43F1-A3D9-FA8950FD1A9A}.Release|Any CPU.ActiveCfg = Release|Any CPU
		{DD52311B-D8F9-43F1-A3D9-FA8950FD1A9A}.Release|Any CPU.Build.0 = Release|Any CPU
	EndGlobalSection
	GlobalSection(SolutionProperties) = preSolution
		HideSolutionNode = FALSE
	EndGlobalSection
	GlobalSection(ExtensibilityGlobals) = postSolution
		SolutionGuid = {F0A1EEED-C80A-494F-A84B-0A34D8C87FE2}
	EndGlobalSection
EndGlobal
